
Microsoft Visual Studio Solution File, Format Version 12.00
# Visual Studio Version 17
VisualStudioVersion = 17.10.35013.160
MinimumVisualStudioVersion = 10.0.40219.1
Project("{FAE04EC0-301F-11D3-BF4B-00C04F79EFBC}") = "SimulacaoCompraFazenda", "SimulacaoCompraFazenda\SimulacaoCompraFazenda.csproj", "{D58F1C88-08D2-4735-B966-FCF7A25F2251}"
EndProject
Global
	GlobalSection(SolutionConfigurationPlatforms) = preSolution
		Debug|Any CPU = Debug|Any CPU
		Release|Any CPU = Release|Any CPU
	EndGlobalSection
	GlobalSection(ProjectConfigurationPlatforms) = postSolution
		{D58F1C88-08D2-4735-B966-FCF7A25F2251}.Debug|Any CPU.ActiveCfg = Debug|Any CPU
		{D58F1C88-08D2-4735-B966-FCF7A25F2251}.Debug|Any CPU.Build.0 = Debug|Any CPU
		{D58F1C88-08D2-4735-B966-FCF7A25F2251}.Release|Any CPU.ActiveCfg = Release|Any CPU
		{D58F1C88-08D2-4735-B966-FCF7A25F2251}.Release|Any CPU.Build.0 = Release|Any CPU
	EndGlobalSection
	GlobalSection(SolutionProperties) = preSolution
		HideSolutionNode = FALSE
	EndGlobalSection
	GlobalSection(ExtensibilityGlobals) = postSolution
		SolutionGuid = {7A9A3749-97A6-4718-BD9B-6F4751C9A9E4}
	EndGlobalSection
EndGlobal
